
Microsoft Visual Studio Solution File, Format Version 12.00
# Visual Studio Version 17
VisualStudioVersion = 17.14.36310.24
MinimumVisualStudioVersion = 10.0.40219.1
Project("{FAE04EC0-301F-11D3-BF4B-00C04F79EFBC}") = "SupportDesk.Core", "SupportDesk.Core\SupportDesk.Core.csproj", "{CA591A6C-2844-43F5-8DD5-FDA705A1F902}"
EndProject
Project("{FAE04EC0-301F-11D3-BF4B-00C04F79EFBC}") = "SupportDesk.Infrastructure", "SupportDesk.Infrastructure\SupportDesk.Infrastructure.csproj", "{38F650F0-F635-4DC4-B441-27907460B2A0}"
EndProject
Project("{FAE04EC0-301F-11D3-BF4B-00C04F79EFBC}") = "SupportDesk.Application", "SupportDesk.Application\SupportDesk.Application.csproj", "{752D673E-8F3E-415F-8C62-5E6C52CAB7D1}"
EndProject
Project("{FAE04EC0-301F-11D3-BF4B-00C04F79EFBC}") = "SupportDesk.ConsoleUI", "SupportDesk.ConsoleUI\SupportDesk.ConsoleUI.csproj", "{49C4154E-3560-40D7-B686-4B2E31C79879}"
EndProject
Global
	GlobalSection(SolutionConfigurationPlatforms) = preSolution
		Debug|Any CPU = Debug|Any CPU
		Debug|x64 = Debug|x64
		Debug|x86 = Debug|x86
		Release|Any CPU = Release|Any CPU
		Release|x64 = Release|x64
		Release|x86 = Release|x86
	EndGlobalSection
	GlobalSection(ProjectConfigurationPlatforms) = postSolution
		{CA591A6C-2844-43F5-8DD5-FDA705A1F902}.Debug|Any CPU.ActiveCfg = Debug|Any CPU
		{CA591A6C-2844-43F5-8DD5-FDA705A1F902}.Debug|Any CPU.Build.0 = Debug|Any CPU
		{CA591A6C-2844-43F5-8DD5-FDA705A1F902}.Debug|x64.ActiveCfg = Debug|Any CPU
		{CA591A6C-2844-43F5-8DD5-FDA705A1F902}.Debug|x64.Build.0 = Debug|Any CPU
		{CA591A6C-2844-43F5-8DD5-FDA705A1F902}.Debug|x86.ActiveCfg = Debug|Any CPU
		{CA591A6C-2844-43F5-8DD5-FDA705A1F902}.Debug|x86.Build.0 = Debug|Any CPU
		{CA591A6C-2844-43F5-8DD5-FDA705A1F902}.Release|Any CPU.ActiveCfg = Release|Any CPU
		{CA591A6C-2844-43F5-8DD5-FDA705A1F902}.Release|Any CPU.Build.0 = Release|Any CPU
		{CA591A6C-2844-43F5-8DD5-FDA705A1F902}.Release|x64.ActiveCfg = Release|Any CPU
		{CA591A6C-2844-43F5-8DD5-FDA705A1F902}.Release|x64.Build.0 = Release|Any CPU
		{CA591A6C-2844-43F5-8DD5-FDA705A1F902}.Release|x86.ActiveCfg = Release|Any CPU
		{CA591A6C-2844-43F5-8DD5-FDA705A1F902}.Release|x86.Build.0 = Release|Any CPU
		{38F650F0-F635-4DC4-B441-27907460B2A0}.Debug|Any CPU.ActiveCfg = Debug|Any CPU
		{38F650F0-F635-4DC4-B441-27907460B2A0}.Debug|Any CPU.Build.0 = Debug|Any CPU
		{38F650F0-F635-4DC4-B441-27907460B2A0}.Debug|x64.ActiveCfg = Debug|Any CPU
		{38F650F0-F635-4DC4-B441-27907460B2A0}.Debug|x64.Build.0 = Debug|Any CPU
		{38F650F0-F635-4DC4-B441-27907460B2A0}.Debug|x86.ActiveCfg = Debug|Any CPU
		{38F650F0-F635-4DC4-B441-27907460B2A0}.Debug|x86.Build.0 = Debug|Any CPU
		{38F650F0-F635-4DC4-B441-27907460B2A0}.Release|Any CPU.ActiveCfg = Release|Any CPU
		{38F650F0-F635-4DC4-B441-27907460B2A0}.Release|Any CPU.Build.0 = Release|Any CPU
		{38F650F0-F635-4DC4-B441-27907460B2A0}.Release|x64.ActiveCfg = Release|Any CPU
		{38F650F0-F635-4DC4-B441-27907460B2A0}.Release|x64.Build.0 = Release|Any CPU
		{38F650F0-F635-4DC4-B441-27907460B2A0}.Release|x86.ActiveCfg = Release|Any CPU
		{38F650F0-F635-4DC4-B441-27907460B2A0}.Release|x86.Build.0 = Release|Any CPU
		{752D673E-8F3E-415F-8C62-5E6C52CAB7D1}.Debug|Any CPU.ActiveCfg = Debug|Any CPU
		{752D673E-8F3E-415F-8C62-5E6C52CAB7D1}.Debug|Any CPU.Build.0 = Debug|Any CPU
		{752D673E-8F3E-415F-8C62-5E6C52CAB7D1}.Debug|x64.ActiveCfg = Debug|Any CPU
		{752D673E-8F3E-415F-8C62-5E6C52CAB7D1}.Debug|x64.Build.0 = Debug|Any CPU
		{752D673E-8F3E-415F-8C62-5E6C52CAB7D1}.Debug|x86.ActiveCfg = Debug|Any CPU
		{752D673E-8F3E-415F-8C62-5E6C52CAB7D1}.Debug|x86.Build.0 = Debug|Any CPU
		{752D673E-8F3E-415F-8C62-5E6C52CAB7D1}.Release|Any CPU.ActiveCfg = Release|Any CPU
		{752D673E-8F3E-415F-8C62-5E6C52CAB7D1}.Release|Any CPU.Build.0 = Release|Any CPU
		{752D673E-8F3E-415F-8C62-5E6C52CAB7D1}.Release|x64.ActiveCfg = Release|Any CPU
		{752D673E-8F3E-415F-8C62-5E6C52CAB7D1}.Release|x64.Build.0 = Release|Any CPU
		{752D673E-8F3E-415F-8C62-5E6C52CAB7D1}.Release|x86.ActiveCfg = Release|Any CPU
		{752D673E-8F3E-415F-8C62-5E6C52CAB7D1}.Release|x86.Build.0 = Release|Any CPU
		{49C4154E-3560-40D7-B686-4B2E31C79879}.Debug|Any CPU.ActiveCfg = Debug|Any CPU
		{49C4154E-3560-40D7-B686-4B2E31C79879}.Debug|Any CPU.Build.0 = Debug|Any CPU
		{49C4154E-3560-40D7-B686-4B2E31C79879}.Debug|x64.ActiveCfg = Debug|Any CPU
		{49C4154E-3560-40D7-B686-4B2E31C79879}.Debug|x64.Build.0 = Debug|Any CPU
		{49C4154E-3560-40D7-B686-4B2E31C79879}.Debug|x86.ActiveCfg = Debug|Any CPU
		{49C4154E-3560-40D7-B686-4B2E31C79879}.Debug|x86.Build.0 = Debug|Any CPU
		{49C4154E-3560-40D7-B686-4B2E31C79879}.Release|Any CPU.ActiveCfg = Release|Any CPU
		{49C4154E-3560-40D7-B686-4B2E31C79879}.Release|Any CPU.Build.0 = Release|Any CPU
		{49C4154E-3560-40D7-B686-4B2E31C79879}.Release|x64.ActiveCfg = Release|Any CPU
		{49C4154E-3560-40D7-B686-4B2E31C79879}.Release|x64.Build.0 = Release|Any CPU
		{49C4154E-3560-40D7-B686-4B2E31C79879}.Release|x86.ActiveCfg = Release|Any CPU
		{49C4154E-3560-40D7-B686-4B2E31C79879}.Release|x86.Build.0 = Release|Any CPU
	EndGlobalSection
	GlobalSection(SolutionProperties) = preSolution
		HideSolutionNode = FALSE
	EndGlobalSection
	GlobalSection(ExtensibilityGlobals) = postSolution
		SolutionGuid = {942AB6E5-E412-4B0B-8469-13B4D4CA3A8C}
	EndGlobalSection
EndGlobal
